
Microsoft Visual Studio Solution File, Format Version 12.00
# Visual Studio Version 17
VisualStudioVersion = 17.7.34221.43
MinimumVisualStudioVersion = 10.0.40219.1
Project("{FAE04EC0-301F-11D3-BF4B-00C04F79EFBC}") = "賓果單機多人", "賓果單機多人\賓果單機多人.csproj", "{5FD3237D-FEE1-4749-B291-39147827214E}"
EndProject
Global
	GlobalSection(SolutionConfigurationPlatforms) = preSolution
		Debug|Any CPU = Debug|Any CPU
		Release|Any CPU = Release|Any CPU
	EndGlobalSection
	GlobalSection(ProjectConfigurationPlatforms) = postSolution
		{5FD3237D-FEE1-4749-B291-39147827214E}.Debug|Any CPU.ActiveCfg = Debug|Any CPU
		{5FD3237D-FEE1-4749-B291-39147827214E}.Debug|Any CPU.Build.0 = Debug|Any CPU
		{5FD3237D-FEE1-4749-B291-39147827214E}.Release|Any CPU.ActiveCfg = Release|Any CPU
		{5FD3237D-FEE1-4749-B291-39147827214E}.Release|Any CPU.Build.0 = Release|Any CPU
	EndGlobalSection
	GlobalSection(SolutionProperties) = preSolution
		HideSolutionNode = FALSE
	EndGlobalSection
	GlobalSection(ExtensibilityGlobals) = postSolution
		SolutionGuid = {8936217D-0755-4EF6-A1AF-E43A93281DFC}
	EndGlobalSection
EndGlobal
